// !$*UTF8*$!
{
	archiveVersion = 1;
	classes = {
	};
	objectVersion = 46;
	objects = {

/* Begin PBXBuildFile section */
		3554E9091F43DE100023B6C9 /* GradientView.swift in Sources */ = {isa = PBXBuildFile; fileRef = 3554E9081F43DE100023B6C9 /* GradientView.swift */; };
		3554E90D1F43E1A90023B6C9 /* RoundImageView.swift in Sources */ = {isa = PBXBuildFile; fileRef = 3554E90C1F43E1A90023B6C9 /* RoundImageView.swift */; };
		3554E90F1F43E2890023B6C9 /* RoundedShadowView.swift in Sources */ = {isa = PBXBuildFile; fileRef = 3554E90E1F43E2890023B6C9 /* RoundedShadowView.swift */; };
		3554E9111F43E4040023B6C9 /* CircleView.swift in Sources */ = {isa = PBXBuildFile; fileRef = 3554E9101F43E4040023B6C9 /* CircleView.swift */; };
		3554E9131F43E5A90023B6C9 /* RoundedShadowButton.swift in Sources */ = {isa = PBXBuildFile; fileRef = 3554E9121F43E5A90023B6C9 /* RoundedShadowButton.swift */; };
		355A70641F501236004FDC5B /* LeftSidePanelVC.swift in Sources */ = {isa = PBXBuildFile; fileRef = 355A70631F501236004FDC5B /* LeftSidePanelVC.swift */; };
		355A70661F5012B6004FDC5B /* ContainerVC.swift in Sources */ = {isa = PBXBuildFile; fileRef = 355A70651F5012B6004FDC5B /* ContainerVC.swift */; };
		355A70691F501570004FDC5B /* CenterVCDelegate.swift in Sources */ = {isa = PBXBuildFile; fileRef = 355A70681F501570004FDC5B /* CenterVCDelegate.swift */; };
		355A706C1F5022A9004FDC5B /* UIViewExt.swift in Sources */ = {isa = PBXBuildFile; fileRef = 355A706B1F5022A9004FDC5B /* UIViewExt.swift */; };
		355A706E1F5029E0004FDC5B /* LoginVC.swift in Sources */ = {isa = PBXBuildFile; fileRef = 355A706D1F5029E0004FDC5B /* LoginVC.swift */; };
		355A70701F502C1F004FDC5B /* RoundedCornerTextField.swift in Sources */ = {isa = PBXBuildFile; fileRef = 355A706F1F502C1F004FDC5B /* RoundedCornerTextField.swift */; };
		3572ACE21F5642D400C055FE /* GoogleService-Info.plist in Resources */ = {isa = PBXBuildFile; fileRef = 3572ACE11F5642D400C055FE /* GoogleService-Info.plist */; };
		3572ACE41F56443600C055FE /* DataService.swift in Sources */ = {isa = PBXBuildFile; fileRef = 3572ACE31F56443600C055FE /* DataService.swift */; };
		35737F7E1F5DA1E5003C10EE /* UpdateService.swift in Sources */ = {isa = PBXBuildFile; fileRef = 35737F7D1F5DA1E5003C10EE /* UpdateService.swift */; };
		35737F801F5DA700003C10EE /* DriverAnnotation.swift in Sources */ = {isa = PBXBuildFile; fileRef = 35737F7F1F5DA700003C10EE /* DriverAnnotation.swift */; };
		35737F821F5DD4D2003C10EE /* PassengerAnnotation.swift in Sources */ = {isa = PBXBuildFile; fileRef = 35737F811F5DD4D2003C10EE /* PassengerAnnotation.swift */; };
		35FC876A1F43BB130010E880 /* AppDelegate.swift in Sources */ = {isa = PBXBuildFile; fileRef = 35FC87691F43BB130010E880 /* AppDelegate.swift */; };
		35FC876C1F43BB130010E880 /* HomeVC.swift in Sources */ = {isa = PBXBuildFile; fileRef = 35FC876B1F43BB130010E880 /* HomeVC.swift */; };
		35FC876F1F43BB130010E880 /* Main.storyboard in Resources */ = {isa = PBXBuildFile; fileRef = 35FC876D1F43BB130010E880 /* Main.storyboard */; };
		35FC87711F43BB130010E880 /* Assets.xcassets in Resources */ = {isa = PBXBuildFile; fileRef = 35FC87701F43BB130010E880 /* Assets.xcassets */; };
		35FC87741F43BB130010E880 /* LaunchScreen.storyboard in Resources */ = {isa = PBXBuildFile; fileRef = 35FC87721F43BB130010E880 /* LaunchScreen.storyboard */; };
		3D3D0CF4FF1911A4B56B97F2 /* Pods_hitchhkr_dev.framework in Frameworks */ = {isa = PBXBuildFile; fileRef = A8A4720DCA817970D219A4EC /* Pods_hitchhkr_dev.framework */; };
/* End PBXBuildFile section */

/* Begin PBXFileReference section */
		23E05CC430CA01EB43A5FD63 /* Pods-hitchhkr-dev.debug.xcconfig */ = {isa = PBXFileReference; includeInIndex = 1; lastKnownFileType = text.xcconfig; name = "Pods-hitchhkr-dev.debug.xcconfig"; path = "Pods/Target Support Files/Pods-hitchhkr-dev/Pods-hitchhkr-dev.debug.xcconfig"; sourceTree = "<group>"; };
		337AC31B20A9284D05D7FA22 /* Pods-hitchhkr-dev.release.xcconfig */ = {isa = PBXFileReference; includeInIndex = 1; lastKnownFileType = text.xcconfig; name = "Pods-hitchhkr-dev.release.xcconfig"; path = "Pods/Target Support Files/Pods-hitchhkr-dev/Pods-hitchhkr-dev.release.xcconfig"; sourceTree = "<group>"; };
		3554E9081F43DE100023B6C9 /* GradientView.swift */ = {isa = PBXFileReference; fileEncoding = 4; lastKnownFileType = sourcecode.swift; path = GradientView.swift; sourceTree = "<group>"; };
		3554E90C1F43E1A90023B6C9 /* RoundImageView.swift */ = {isa = PBXFileReference; fileEncoding = 4; lastKnownFileType = sourcecode.swift; path = RoundImageView.swift; sourceTree = "<group>"; };
		3554E90E1F43E2890023B6C9 /* RoundedShadowView.swift */ = {isa = PBXFileReference; fileEncoding = 4; lastKnownFileType = sourcecode.swift; path = RoundedShadowView.swift; sourceTree = "<group>"; };
		3554E9101F43E4040023B6C9 /* CircleView.swift */ = {isa = PBXFileReference; fileEncoding = 4; lastKnownFileType = sourcecode.swift; path = CircleView.swift; sourceTree = "<group>"; };
		3554E9121F43E5A90023B6C9 /* RoundedShadowButton.swift */ = {isa = PBXFileReference; fileEncoding = 4; lastKnownFileType = sourcecode.swift; path = RoundedShadowButton.swift; sourceTree = "<group>"; };
		355A70631F501236004FDC5B /* LeftSidePanelVC.swift */ = {isa = PBXFileReference; fileEncoding = 4; lastKnownFileType = sourcecode.swift; path = LeftSidePanelVC.swift; sourceTree = "<group>"; };
		355A70651F5012B6004FDC5B /* ContainerVC.swift */ = {isa = PBXFileReference; fileEncoding = 4; lastKnownFileType = sourcecode.swift; path = ContainerVC.swift; sourceTree = "<group>"; };
		355A70681F501570004FDC5B /* CenterVCDelegate.swift */ = {isa = PBXFileReference; fileEncoding = 4; lastKnownFileType = sourcecode.swift; path = CenterVCDelegate.swift; sourceTree = "<group>"; };
		355A706B1F5022A9004FDC5B /* UIViewExt.swift */ = {isa = PBXFileReference; fileEncoding = 4; lastKnownFileType = sourcecode.swift; path = UIViewExt.swift; sourceTree = "<group>"; };
		355A706D1F5029E0004FDC5B /* LoginVC.swift */ = {isa = PBXFileReference; fileEncoding = 4; lastKnownFileType = sourcecode.swift; path = LoginVC.swift; sourceTree = "<group>"; };
		355A706F1F502C1F004FDC5B /* RoundedCornerTextField.swift */ = {isa = PBXFileReference; fileEncoding = 4; lastKnownFileType = sourcecode.swift; path = RoundedCornerTextField.swift; sourceTree = "<group>"; };
		3572ACE11F5642D400C055FE /* GoogleService-Info.plist */ = {isa = PBXFileReference; fileEncoding = 4; lastKnownFileType = text.plist.xml; path = "GoogleService-Info.plist"; sourceTree = "<group>"; };
		3572ACE31F56443600C055FE /* DataService.swift */ = {isa = PBXFileReference; fileEncoding = 4; lastKnownFileType = sourcecode.swift; path = DataService.swift; sourceTree = "<group>"; };
		35737F7D1F5DA1E5003C10EE /* UpdateService.swift */ = {isa = PBXFileReference; fileEncoding = 4; lastKnownFileType = sourcecode.swift; path = UpdateService.swift; sourceTree = "<group>"; };
		35737F7F1F5DA700003C10EE /* DriverAnnotation.swift */ = {isa = PBXFileReference; fileEncoding = 4; lastKnownFileType = sourcecode.swift; path = DriverAnnotation.swift; sourceTree = "<group>"; };
		35737F811F5DD4D2003C10EE /* PassengerAnnotation.swift */ = {isa = PBXFileReference; fileEncoding = 4; lastKnownFileType = sourcecode.swift; path = PassengerAnnotation.swift; sourceTree = "<group>"; };
		35FC87661F43BB130010E880 /* hitchhkr-dev.app */ = {isa = PBXFileReference; explicitFileType = wrapper.application; includeInIndex = 0; path = "hitchhkr-dev.app"; sourceTree = BUILT_PRODUCTS_DIR; };
		35FC87691F43BB130010E880 /* AppDelegate.swift */ = {isa = PBXFileReference; lastKnownFileType = sourcecode.swift; path = AppDelegate.swift; sourceTree = "<group>"; };
		35FC876B1F43BB130010E880 /* HomeVC.swift */ = {isa = PBXFileReference; lastKnownFileType = sourcecode.swift; path = HomeVC.swift; sourceTree = "<group>"; };
		35FC876E1F43BB130010E880 /* Base */ = {isa = PBXFileReference; lastKnownFileType = file.storyboard; name = Base; path = Base.lproj/Main.storyboard; sourceTree = "<group>"; };
		35FC87701F43BB130010E880 /* Assets.xcassets */ = {isa = PBXFileReference; lastKnownFileType = folder.assetcatalog; path = Assets.xcassets; sourceTree = "<group>"; };
		35FC87731F43BB130010E880 /* Base */ = {isa = PBXFileReference; lastKnownFileType = file.storyboard; name = Base; path = Base.lproj/LaunchScreen.storyboard; sourceTree = "<group>"; };
		35FC87751F43BB130010E880 /* Info.plist */ = {isa = PBXFileReference; lastKnownFileType = text.plist.xml; path = Info.plist; sourceTree = "<group>"; };
		A8A4720DCA817970D219A4EC /* Pods_hitchhkr_dev.framework */ = {isa = PBXFileReference; explicitFileType = wrapper.framework; includeInIndex = 0; path = Pods_hitchhkr_dev.framework; sourceTree = BUILT_PRODUCTS_DIR; };
/* End PBXFileReference section */

/* Begin PBXFrameworksBuildPhase section */
		35FC87631F43BB130010E880 /* Frameworks */ = {
			isa = PBXFrameworksBuildPhase;
			buildActionMask = 2147483647;
			files = (
				3D3D0CF4FF1911A4B56B97F2 /* Pods_hitchhkr_dev.framework in Frameworks */,
			);
			runOnlyForDeploymentPostprocessing = 0;
		};
/* End PBXFrameworksBuildPhase section */

/* Begin PBXGroup section */
		351884981F4676220058ADC1 /* Services */ = {
			isa = PBXGroup;
			children = (
				3572ACE31F56443600C055FE /* DataService.swift */,
				35737F7D1F5DA1E5003C10EE /* UpdateService.swift */,
			);
			name = Services;
			sourceTree = "<group>";
		};
		351884991F46764F0058ADC1 /* Utils */ = {
			isa = PBXGroup;
			children = (
				3572ACE11F5642D400C055FE /* GoogleService-Info.plist */,
			);
			name = Utils;
			sourceTree = "<group>";
		};
		3554E9051F43DDDD0023B6C9 /* Controller */ = {
			isa = PBXGroup;
			children = (
				35FC876B1F43BB130010E880 /* HomeVC.swift */,
				355A70631F501236004FDC5B /* LeftSidePanelVC.swift */,
				355A70651F5012B6004FDC5B /* ContainerVC.swift */,
				355A706D1F5029E0004FDC5B /* LoginVC.swift */,
			);
			name = Controller;
			sourceTree = "<group>";
		};
		3554E9061F43DDE70023B6C9 /* View */ = {
			isa = PBXGroup;
			children = (
				3554E9081F43DE100023B6C9 /* GradientView.swift */,
				3554E90C1F43E1A90023B6C9 /* RoundImageView.swift */,
				3554E90E1F43E2890023B6C9 /* RoundedShadowView.swift */,
				3554E9101F43E4040023B6C9 /* CircleView.swift */,
				3554E9121F43E5A90023B6C9 /* RoundedShadowButton.swift */,
				355A706F1F502C1F004FDC5B /* RoundedCornerTextField.swift */,
				35737F7F1F5DA700003C10EE /* DriverAnnotation.swift */,
				35737F811F5DD4D2003C10EE /* PassengerAnnotation.swift */,
			);
			name = View;
			sourceTree = "<group>";
		};
		3554E9071F43DDED0023B6C9 /* Model */ = {
			isa = PBXGroup;
			children = (
			);
			name = Model;
			sourceTree = "<group>";
		};
		355A70671F501561004FDC5B /* Protocols */ = {
			isa = PBXGroup;
			children = (
				355A70681F501570004FDC5B /* CenterVCDelegate.swift */,
			);
			name = Protocols;
			sourceTree = "<group>";
		};
		355A706A1F502265004FDC5B /* Extensions */ = {
			isa = PBXGroup;
			children = (
				355A706B1F5022A9004FDC5B /* UIViewExt.swift */,
			);
			name = Extensions;
			sourceTree = "<group>";
		};
		35FC875D1F43BB130010E880 = {
			isa = PBXGroup;
			children = (
				35FC87681F43BB130010E880 /* hitchhkr-dev */,
				35FC87671F43BB130010E880 /* Products */,
				54889FAE5F3E7E58B3A89BF8 /* Pods */,
				525DDE0A221EF07888A7B9CB /* Frameworks */,
			);
			sourceTree = "<group>";
		};
		35FC87671F43BB130010E880 /* Products */ = {
			isa = PBXGroup;
			children = (
				35FC87661F43BB130010E880 /* hitchhkr-dev.app */,
			);
			name = Products;
			sourceTree = "<group>";
		};
		35FC87681F43BB130010E880 /* hitchhkr-dev */ = {
			isa = PBXGroup;
			children = (
				355A706A1F502265004FDC5B /* Extensions */,
				355A70671F501561004FDC5B /* Protocols */,
				351884981F4676220058ADC1 /* Services */,
				3554E9071F43DDED0023B6C9 /* Model */,
				3554E9061F43DDE70023B6C9 /* View */,
				3554E9051F43DDDD0023B6C9 /* Controller */,
				351884991F46764F0058ADC1 /* Utils */,
				35FC87691F43BB130010E880 /* AppDelegate.swift */,
				35FC876D1F43BB130010E880 /* Main.storyboard */,
				35FC87701F43BB130010E880 /* Assets.xcassets */,
				35FC87721F43BB130010E880 /* LaunchScreen.storyboard */,
				35FC87751F43BB130010E880 /* Info.plist */,
			);
			path = "hitchhkr-dev";
			sourceTree = "<group>";
		};
		525DDE0A221EF07888A7B9CB /* Frameworks */ = {
			isa = PBXGroup;
			children = (
				A8A4720DCA817970D219A4EC /* Pods_hitchhkr_dev.framework */,
			);
			name = Frameworks;
			sourceTree = "<group>";
		};
		54889FAE5F3E7E58B3A89BF8 /* Pods */ = {
			isa = PBXGroup;
			children = (
				23E05CC430CA01EB43A5FD63 /* Pods-hitchhkr-dev.debug.xcconfig */,
				337AC31B20A9284D05D7FA22 /* Pods-hitchhkr-dev.release.xcconfig */,
			);
			name = Pods;
			sourceTree = "<group>";
		};
/* End PBXGroup section */

/* Begin PBXNativeTarget section */
		35FC87651F43BB130010E880 /* hitchhkr-dev */ = {
			isa = PBXNativeTarget;
			buildConfigurationList = 35FC87781F43BB130010E880 /* Build configuration list for PBXNativeTarget "hitchhkr-dev" */;
			buildPhases = (
				6D75D9D95F29119A4B16DD40 /* [CP] Check Pods Manifest.lock */,
				35FC87621F43BB130010E880 /* Sources */,
				35FC87631F43BB130010E880 /* Frameworks */,
				35FC87641F43BB130010E880 /* Resources */,
				4401042C552E6E209F0F7E94 /* [CP] Embed Pods Frameworks */,
				3DACC8D6C7B943FFEAD5C142 /* [CP] Copy Pods Resources */,
			);
			buildRules = (
			);
			dependencies = (
			);
			name = "hitchhkr-dev";
			productName = "hitchhkr-dev";
			productReference = 35FC87661F43BB130010E880 /* hitchhkr-dev.app */;
			productType = "com.apple.product-type.application";
		};
/* End PBXNativeTarget section */

/* Begin PBXProject section */
		35FC875E1F43BB130010E880 /* Project object */ = {
			isa = PBXProject;
			attributes = {
				LastSwiftUpdateCheck = 0830;
				LastUpgradeCheck = 0830;
				ORGANIZATIONNAME = "Ben Makusha";
				TargetAttributes = {
					35FC87651F43BB130010E880 = {
						CreatedOnToolsVersion = 8.3.3;
						DevelopmentTeam = X9S97S4N54;
						ProvisioningStyle = Automatic;
					};
				};
			};
			buildConfigurationList = 35FC87611F43BB130010E880 /* Build configuration list for PBXProject "hitchhkr-dev" */;
			compatibilityVersion = "Xcode 3.2";
			developmentRegion = English;
			hasScannedForEncodings = 0;
			knownRegions = (
				en,
				Base,
			);
			mainGroup = 35FC875D1F43BB130010E880;
			productRefGroup = 35FC87671F43BB130010E880 /* Products */;
			projectDirPath = "";
			projectRoot = "";
			targets = (
				35FC87651F43BB130010E880 /* hitchhkr-dev */,
			);
		};
/* End PBXProject section */

/* Begin PBXResourcesBuildPhase section */
		35FC87641F43BB130010E880 /* Resources */ = {
			isa = PBXResourcesBuildPhase;
			buildActionMask = 2147483647;
			files = (
				35FC87741F43BB130010E880 /* LaunchScreen.storyboard in Resources */,
				3572ACE21F5642D400C055FE /* GoogleService-Info.plist in Resources */,
				35FC87711F43BB130010E880 /* Assets.xcassets in Resources */,
				35FC876F1F43BB130010E880 /* Main.storyboard in Resources */,
			);
			runOnlyForDeploymentPostprocessing = 0;
		};
/* End PBXResourcesBuildPhase section */

/* Begin PBXShellScriptBuildPhase section */
		3DACC8D6C7B943FFEAD5C142 /* [CP] Copy Pods Resources */ = {
			isa = PBXShellScriptBuildPhase;
			buildActionMask = 2147483647;
			files = (
			);
			inputPaths = (
			);
			name = "[CP] Copy Pods Resources";
			outputPaths = (
			);
			runOnlyForDeploymentPostprocessing = 0;
			shellPath = /bin/sh;
			shellScript = "\"${SRCROOT}/Pods/Target Support Files/Pods-hitchhkr-dev/Pods-hitchhkr-dev-resources.sh\"\n";
			showEnvVarsInLog = 0;
		};
		4401042C552E6E209F0F7E94 /* [CP] Embed Pods Frameworks */ = {
			isa = PBXShellScriptBuildPhase;
			buildActionMask = 2147483647;
			files = (
			);
			inputPaths = (
			);
			name = "[CP] Embed Pods Frameworks";
			outputPaths = (
			);
			runOnlyForDeploymentPostprocessing = 0;
			shellPath = /bin/sh;
			shellScript = "\"${SRCROOT}/Pods/Target Support Files/Pods-hitchhkr-dev/Pods-hitchhkr-dev-frameworks.sh\"\n";
			showEnvVarsInLog = 0;
		};
		6D75D9D95F29119A4B16DD40 /* [CP] Check Pods Manifest.lock */ = {
			isa = PBXShellScriptBuildPhase;
			buildActionMask = 2147483647;
			files = (
			);
			inputPaths = (
			);
			name = "[CP] Check Pods Manifest.lock";
			outputPaths = (
			);
			runOnlyForDeploymentPostprocessing = 0;
			shellPath = /bin/sh;
			shellScript = "diff \"${PODS_PODFILE_DIR_PATH}/Podfile.lock\" \"${PODS_ROOT}/Manifest.lock\" > /dev/null\nif [ $? != 0 ] ; then\n    # print error to STDERR\n    echo \"error: The sandbox is not in sync with the Podfile.lock. Run 'pod install' or update your CocoaPods installation.\" >&2\n    exit 1\nfi\n";
			showEnvVarsInLog = 0;
		};
/* End PBXShellScriptBuildPhase section */

/* Begin PBXSourcesBuildPhase section */
		35FC87621F43BB130010E880 /* Sources */ = {
			isa = PBXSourcesBuildPhase;
			buildActionMask = 2147483647;
			files = (
				355A70691F501570004FDC5B /* CenterVCDelegate.swift in Sources */,
				3572ACE41F56443600C055FE /* DataService.swift in Sources */,
				3554E9131F43E5A90023B6C9 /* RoundedShadowButton.swift in Sources */,
				355A706E1F5029E0004FDC5B /* LoginVC.swift in Sources */,
				355A70641F501236004FDC5B /* LeftSidePanelVC.swift in Sources */,
				3554E9111F43E4040023B6C9 /* CircleView.swift in Sources */,
				355A70661F5012B6004FDC5B /* ContainerVC.swift in Sources */,
				35737F821F5DD4D2003C10EE /* PassengerAnnotation.swift in Sources */,
				355A706C1F5022A9004FDC5B /* UIViewExt.swift in Sources */,
				35737F801F5DA700003C10EE /* DriverAnnotation.swift in Sources */,
				35FC876C1F43BB130010E880 /* HomeVC.swift in Sources */,
				35737F7E1F5DA1E5003C10EE /* UpdateService.swift in Sources */,
				3554E90D1F43E1A90023B6C9 /* RoundImageView.swift in Sources */,
				3554E90F1F43E2890023B6C9 /* RoundedShadowView.swift in Sources */,
				355A70701F502C1F004FDC5B /* RoundedCornerTextField.swift in Sources */,
				35FC876A1F43BB130010E880 /* AppDelegate.swift in Sources */,
				3554E9091F43DE100023B6C9 /* GradientView.swift in Sources */,
			);
			runOnlyForDeploymentPostprocessing = 0;
		};
/* End PBXSourcesBuildPhase section */

/* Begin PBXVariantGroup section */
		35FC876D1F43BB130010E880 /* Main.storyboard */ = {
			isa = PBXVariantGroup;
			children = (
				35FC876E1F43BB130010E880 /* Base */,
			);
			name = Main.storyboard;
			sourceTree = "<group>";
		};
		35FC87721F43BB130010E880 /* LaunchScreen.storyboard */ = {
			isa = PBXVariantGroup;
			children = (
				35FC87731F43BB130010E880 /* Base */,
			);
			name = LaunchScreen.storyboard;
			sourceTree = "<group>";
		};
/* End PBXVariantGroup section */

/* Begin XCBuildConfiguration section */
		35FC87761F43BB130010E880 /* Debug */ = {
			isa = XCBuildConfiguration;
			buildSettings = {
				ALWAYS_SEARCH_USER_PATHS = NO;
				CLANG_ANALYZER_NONNULL = YES;
				CLANG_ANALYZER_NUMBER_OBJECT_CONVERSION = YES_AGGRESSIVE;
				CLANG_CXX_LANGUAGE_STANDARD = "gnu++0x";
				CLANG_CXX_LIBRARY = "libc++";
				CLANG_ENABLE_MODULES = YES;
				CLANG_ENABLE_OBJC_ARC = YES;
				CLANG_WARN_BOOL_CONVERSION = YES;
				CLANG_WARN_CONSTANT_CONVERSION = YES;
				CLANG_WARN_DIRECT_OBJC_ISA_USAGE = YES_ERROR;
				CLANG_WARN_DOCUMENTATION_COMMENTS = YES;
				CLANG_WARN_EMPTY_BODY = YES;
				CLANG_WARN_ENUM_CONVERSION = YES;
				CLANG_WARN_INFINITE_RECURSION = YES;
				CLANG_WARN_INT_CONVERSION = YES;
				CLANG_WARN_OBJC_ROOT_CLASS = YES_ERROR;
				CLANG_WARN_SUSPICIOUS_MOVE = YES;
				CLANG_WARN_UNREACHABLE_CODE = YES;
				CLANG_WARN__DUPLICATE_METHOD_MATCH = YES;
				"CODE_SIGN_IDENTITY[sdk=iphoneos*]" = "iPhone Developer";
				COPY_PHASE_STRIP = NO;
				DEBUG_INFORMATION_FORMAT = dwarf;
				ENABLE_STRICT_OBJC_MSGSEND = YES;
				ENABLE_TESTABILITY = YES;
				GCC_C_LANGUAGE_STANDARD = gnu99;
				GCC_DYNAMIC_NO_PIC = NO;
				GCC_NO_COMMON_BLOCKS = YES;
				GCC_OPTIMIZATION_LEVEL = 0;
				GCC_PREPROCESSOR_DEFINITIONS = (
					"DEBUG=1",
					"$(inherited)",
				);
				GCC_WARN_64_TO_32_BIT_CONVERSION = YES;
				GCC_WARN_ABOUT_RETURN_TYPE = YES_ERROR;
				GCC_WARN_UNDECLARED_SELECTOR = YES;
				GCC_WARN_UNINITIALIZED_AUTOS = YES_AGGRESSIVE;
				GCC_WARN_UNUSED_FUNCTION = YES;
				GCC_WARN_UNUSED_VARIABLE = YES;
				IPHONEOS_DEPLOYMENT_TARGET = 10.3;
				MTL_ENABLE_DEBUG_INFO = YES;
				ONLY_ACTIVE_ARCH = YES;
				SDKROOT = iphoneos;
				SWIFT_ACTIVE_COMPILATION_CONDITIONS = DEBUG;
				SWIFT_OPTIMIZATION_LEVEL = "-Onone";
				TARGETED_DEVICE_FAMILY = "1,2";
			};
			name = Debug;
		};
		35FC87771F43BB130010E880 /* Release */ = {
			isa = XCBuildConfiguration;
			buildSettings = {
				ALWAYS_SEARCH_USER_PATHS = NO;
				CLANG_ANALYZER_NONNULL = YES;
				CLANG_ANALYZER_NUMBER_OBJECT_CONVERSION = YES_AGGRESSIVE;
				CLANG_CXX_LANGUAGE_STANDARD = "gnu++0x";
				CLANG_CXX_LIBRARY = "libc++";
				CLANG_ENABLE_MODULES = YES;
				CLANG_ENABLE_OBJC_ARC = YES;
				CLANG_WARN_BOOL_CONVERSION = YES;
				CLANG_WARN_CONSTANT_CONVERSION = YES;
				CLANG_WARN_DIRECT_OBJC_ISA_USAGE = YES_ERROR;
				CLANG_WARN_DOCUMENTATION_COMMENTS = YES;
				CLANG_WARN_EMPTY_BODY = YES;
				CLANG_WARN_ENUM_CONVERSION = YES;
				CLANG_WARN_INFINITE_RECURSION = YES;
				CLANG_WARN_INT_CONVERSION = YES;
				CLANG_WARN_OBJC_ROOT_CLASS = YES_ERROR;
				CLANG_WARN_SUSPICIOUS_MOVE = YES;
				CLANG_WARN_UNREACHABLE_CODE = YES;
				CLANG_WARN__DUPLICATE_METHOD_MATCH = YES;
				"CODE_SIGN_IDENTITY[sdk=iphoneos*]" = "iPhone Developer";
				COPY_PHASE_STRIP = NO;
				DEBUG_INFORMATION_FORMAT = "dwarf-with-dsym";
				ENABLE_NS_ASSERTIONS = NO;
				ENABLE_STRICT_OBJC_MSGSEND = YES;
				GCC_C_LANGUAGE_STANDARD = gnu99;
				GCC_NO_COMMON_BLOCKS = YES;
				GCC_WARN_64_TO_32_BIT_CONVERSION = YES;
				GCC_WARN_ABOUT_RETURN_TYPE = YES_ERROR;
				GCC_WARN_UNDECLARED_SELECTOR = YES;
				GCC_WARN_UNINITIALIZED_AUTOS = YES_AGGRESSIVE;
				GCC_WARN_UNUSED_FUNCTION = YES;
				GCC_WARN_UNUSED_VARIABLE = YES;
				IPHONEOS_DEPLOYMENT_TARGET = 10.3;
				MTL_ENABLE_DEBUG_INFO = NO;
				SDKROOT = iphoneos;
				SWIFT_OPTIMIZATION_LEVEL = "-Owholemodule";
				TARGETED_DEVICE_FAMILY = "1,2";
				VALIDATE_PRODUCT = YES;
			};
			name = Release;
		};
		35FC87791F43BB130010E880 /* Debug */ = {
			isa = XCBuildConfiguration;
			baseConfigurationReference = 23E05CC430CA01EB43A5FD63 /* Pods-hitchhkr-dev.debug.xcconfig */;
			buildSettings = {
				ASSETCATALOG_COMPILER_APPICON_NAME = AppIcon;
				DEVELOPMENT_TEAM = X9S97S4N54;
				INFOPLIST_FILE = "hitchhkr-dev/Info.plist";
				LD_RUNPATH_SEARCH_PATHS = "$(inherited) @executable_path/Frameworks";
				PRODUCT_BUNDLE_IDENTIFIER = "com.benmakusha.hitchhkr-dev";
				PRODUCT_NAME = "$(TARGET_NAME)";
				SWIFT_VERSION = 3.0;
			};
			name = Debug;
		};
		35FC877A1F43BB130010E880 /* Release */ = {
			isa = XCBuildConfiguration;
			baseConfigurationReference = 337AC31B20A9284D05D7FA22 /* Pods-hitchhkr-dev.release.xcconfig */;
			buildSettings = {
				ASSETCATALOG_COMPILER_APPICON_NAME = AppIcon;
				DEVELOPMENT_TEAM = X9S97S4N54;
				INFOPLIST_FILE = "hitchhkr-dev/Info.plist";
				LD_RUNPATH_SEARCH_PATHS = "$(inherited) @executable_path/Frameworks";
				PRODUCT_BUNDLE_IDENTIFIER = "com.benmakusha.hitchhkr-dev";
				PRODUCT_NAME = "$(TARGET_NAME)";
				SWIFT_VERSION = 3.0;
			};
			name = Release;
		};
/* End XCBuildConfiguration section */

/* Begin XCConfigurationList section */
		35FC87611F43BB130010E880 /* Build configuration list for PBXProject "hitchhkr-dev" */ = {
			isa = XCConfigurationList;
			buildConfigurations = (
				35FC87761F43BB130010E880 /* Debug */,
				35FC87771F43BB130010E880 /* Release */,
			);
			defaultConfigurationIsVisible = 0;
			defaultConfigurationName = Release;
		};
		35FC87781F43BB130010E880 /* Build configuration list for PBXNativeTarget "hitchhkr-dev" */ = {
			isa = XCConfigurationList;
			buildConfigurations = (
				35FC87791F43BB130010E880 /* Debug */,
				35FC877A1F43BB130010E880 /* Release */,
			);
			defaultConfigurationIsVisible = 0;
			defaultConfigurationName = Release;
		};
/* End XCConfigurationList section */
	};
	rootObject = 35FC875E1F43BB130010E880 /* Project object */;
}
